<?xml version="1.0" encoding="utf-8"?>
<Project ToolsVersion="4.0" xmlns="http://schemas.microsoft.com/developer/msbuild/2003">
  <ItemGroup>
    <ClInclude Include="stdafx.h" />
    <ClInclude Include="Trace.h" />
    <ClInclude Include="TestList.h" />
    <ClInclude Include="Utility\EnableIf.h">
      <Filter>utility</Filter>
    </ClInclude>
    <ClInclude Include="utility.h" />
    <ClInclude Include="utility\GetTypeName.h">
      <Filter>utility</Filter>
    </ClInclude>
  </ItemGroup>
  <ItemGroup>
    <ClCompile Include="stdafx.cpp" />
    <ClCompile Include="main.cpp" />
    <ClCompile Include="CompileTimeStrings.cpp" />
    <ClCompile Include="EmplaceBackTest.cpp" />
    <ClCompile Include="SmartEnums2.cpp" />
    <ClCompile Include="SmartEnums1.cpp" />
    <ClCompile Include="CTCTest.cpp" />
    <ClCompile Include="utility\GetTypeName.cpp">
      <Filter>utility</Filter>
    </ClCompile>
    <ClCompile Include="CheckRound.cpp" />
    <ClCompile Include="TestLinalg.cpp" />
    <ClCompile Include="TestInitialization.cpp" />
    <ClCompile Include="TestZipRange.cpp" />
  </ItemGroup>
  <ItemGroup>
    <Natvis Include="ConsoleApplication1.natvis" />
  </ItemGroup>
  <ItemGroup>
    <Filter Include="utility">
      <UniqueIdentifier>{2a64eb13-5f6b-4e01-8f7f-84bd325c860a}</UniqueIdentifier>
    </Filter>
  </ItemGroup>
</Project>